
Microsoft Visual Studio Solution File, Format Version 12.00
# Visual Studio 15
VisualStudioVersion = 15.0.28010.2048
MinimumVisualStudioVersion = 10.0.40219.1
Project("{FAE04EC0-301F-11D3-BF4B-00C04F79EFBC}") = "MonthYearPickerEditGrid", "MonthYearPickerEditGrid\MonthYearPickerEditGrid.csproj", "{DF0D8886-4584-4D3A-80E4-960D4BD47BD1}"
EndProject
Global
	GlobalSection(SolutionConfigurationPlatforms) = preSolution
		Debug|Any CPU = Debug|Any CPU
		Release|Any CPU = Release|Any CPU
	EndGlobalSection
	GlobalSection(ProjectConfigurationPlatforms) = postSolution
		{DF0D8886-4584-4D3A-80E4-960D4BD47BD1}.Debug|Any CPU.ActiveCfg = Debug|Any CPU
		{DF0D8886-4584-4D3A-80E4-960D4BD47BD1}.Debug|Any CPU.Build.0 = Debug|Any CPU
		{DF0D8886-4584-4D3A-80E4-960D4BD47BD1}.Release|Any CPU.ActiveCfg = Release|Any CPU
		{DF0D8886-4584-4D3A-80E4-960D4BD47BD1}.Release|Any CPU.Build.0 = Release|Any CPU
	EndGlobalSection
	GlobalSection(SolutionProperties) = preSolution
		HideSolutionNode = FALSE
	EndGlobalSection
	GlobalSection(ExtensibilityGlobals) = postSolution
		SolutionGuid = {6452AA09-139C-4862-BC4B-3A0C65B873BC}
	EndGlobalSection
EndGlobal
